// !$*UTF8*$!
{
	archiveVersion = 1;
	classes = {
	};
	objectVersion = 55;
	objects = {

/* Begin PBXBuildFile section */
		CECA7A1528C2297400C3762D /* AddRecipeApp.swift in Sources */ = {isa = PBXBuildFile; fileRef = CECA7A1428C2297400C3762D /* AddRecipeApp.swift */; };
		CECA7A1728C2297400C3762D /* ContentView.swift in Sources */ = {isa = PBXBuildFile; fileRef = CECA7A1628C2297400C3762D /* ContentView.swift */; };
		CECA7A1928C2297500C3762D /* Assets.xcassets in Resources */ = {isa = PBXBuildFile; fileRef = CECA7A1828C2297500C3762D /* Assets.xcassets */; };
		CECA7A1C28C2297500C3762D /* Preview Assets.xcassets in Resources */ = {isa = PBXBuildFile; fileRef = CECA7A1B28C2297500C3762D /* Preview Assets.xcassets */; };
		CECA7A2528C2306300C3762D /* Ingredient.swift in Sources */ = {isa = PBXBuildFile; fileRef = CECA7A2428C2306300C3762D /* Ingredient.swift */; };
		CECA7A2728C233B000C3762D /* Recipe.swift in Sources */ = {isa = PBXBuildFile; fileRef = CECA7A2628C233B000C3762D /* Recipe.swift */; };
		CECA7A2928C24D7000C3762D /* AddRecipeView.swift in Sources */ = {isa = PBXBuildFile; fileRef = CECA7A2828C24D7000C3762D /* AddRecipeView.swift */; };
		CECA7A2B28C2501900C3762D /* IngredientView.swift in Sources */ = {isa = PBXBuildFile; fileRef = CECA7A2A28C2501900C3762D /* IngredientView.swift */; };
		CECA7A2D28C2595600C3762D /* IngredientView-DataConfig.swift in Sources */ = {isa = PBXBuildFile; fileRef = CECA7A2C28C2595600C3762D /* IngredientView-DataConfig.swift */; };
		CECA7A2F28C268E100C3762D /* AddRecipeView-DataConfig.swift in Sources */ = {isa = PBXBuildFile; fileRef = CECA7A2E28C268E100C3762D /* AddRecipeView-DataConfig.swift */; };
/* End PBXBuildFile section */

/* Begin PBXFileReference section */
		CECA7A1128C2297400C3762D /* AddRecipe.app */ = {isa = PBXFileReference; explicitFileType = wrapper.application; includeInIndex = 0; path = AddRecipe.app; sourceTree = BUILT_PRODUCTS_DIR; };
		CECA7A1428C2297400C3762D /* AddRecipeApp.swift */ = {isa = PBXFileReference; lastKnownFileType = sourcecode.swift; path = AddRecipeApp.swift; sourceTree = "<group>"; };
		CECA7A1628C2297400C3762D /* ContentView.swift */ = {isa = PBXFileReference; lastKnownFileType = sourcecode.swift; path = ContentView.swift; sourceTree = "<group>"; };
		CECA7A1828C2297500C3762D /* Assets.xcassets */ = {isa = PBXFileReference; lastKnownFileType = folder.assetcatalog; path = Assets.xcassets; sourceTree = "<group>"; };
		CECA7A1B28C2297500C3762D /* Preview Assets.xcassets */ = {isa = PBXFileReference; lastKnownFileType = folder.assetcatalog; path = "Preview Assets.xcassets"; sourceTree = "<group>"; };
		CECA7A2428C2306300C3762D /* Ingredient.swift */ = {isa = PBXFileReference; lastKnownFileType = sourcecode.swift; path = Ingredient.swift; sourceTree = "<group>"; };
		CECA7A2628C233B000C3762D /* Recipe.swift */ = {isa = PBXFileReference; lastKnownFileType = sourcecode.swift; path = Recipe.swift; sourceTree = "<group>"; };
		CECA7A2828C24D7000C3762D /* AddRecipeView.swift */ = {isa = PBXFileReference; lastKnownFileType = sourcecode.swift; path = AddRecipeView.swift; sourceTree = "<group>"; };
		CECA7A2A28C2501900C3762D /* IngredientView.swift */ = {isa = PBXFileReference; lastKnownFileType = sourcecode.swift; path = IngredientView.swift; sourceTree = "<group>"; };
		CECA7A2C28C2595600C3762D /* IngredientView-DataConfig.swift */ = {isa = PBXFileReference; lastKnownFileType = sourcecode.swift; path = "IngredientView-DataConfig.swift"; sourceTree = "<group>"; };
		CECA7A2E28C268E100C3762D /* AddRecipeView-DataConfig.swift */ = {isa = PBXFileReference; lastKnownFileType = sourcecode.swift; path = "AddRecipeView-DataConfig.swift"; sourceTree = "<group>"; };
/* End PBXFileReference section */

/* Begin PBXFrameworksBuildPhase section */
		CECA7A0E28C2297400C3762D /* Frameworks */ = {
			isa = PBXFrameworksBuildPhase;
			buildActionMask = 2147483647;
			files = (
			);
			runOnlyForDeploymentPostprocessing = 0;
		};
/* End PBXFrameworksBuildPhase section */

/* Begin PBXGroup section */
		CECA7A0828C2297400C3762D = {
			isa = PBXGroup;
			children = (
				CECA7A1328C2297400C3762D /* AddRecipe */,
				CECA7A1228C2297400C3762D /* Products */,
			);
			sourceTree = "<group>";
		};
		CECA7A1228C2297400C3762D /* Products */ = {
			isa = PBXGroup;
			children = (
				CECA7A1128C2297400C3762D /* AddRecipe.app */,
			);
			name = Products;
			sourceTree = "<group>";
		};
		CECA7A1328C2297400C3762D /* AddRecipe */ = {
			isa = PBXGroup;
			children = (
				CECA7A1428C2297400C3762D /* AddRecipeApp.swift */,
				CECA7A1628C2297400C3762D /* ContentView.swift */,
				CECA7A2828C24D7000C3762D /* AddRecipeView.swift */,
				CECA7A2E28C268E100C3762D /* AddRecipeView-DataConfig.swift */,
				CECA7A2A28C2501900C3762D /* IngredientView.swift */,
				CECA7A2C28C2595600C3762D /* IngredientView-DataConfig.swift */,
				CECA7A2428C2306300C3762D /* Ingredient.swift */,
				CECA7A2628C233B000C3762D /* Recipe.swift */,
				CECA7A1828C2297500C3762D /* Assets.xcassets */,
				CECA7A1A28C2297500C3762D /* Preview Content */,
			);
			path = AddRecipe;
			sourceTree = "<group>";
		};
		CECA7A1A28C2297500C3762D /* Preview Content */ = {
			isa = PBXGroup;
			children = (
				CECA7A1B28C2297500C3762D /* Preview Assets.xcassets */,
			);
			path = "Preview Content";
			sourceTree = "<group>";
		};
/* End PBXGroup section */

/* Begin PBXNativeTarget section */
		CECA7A1028C2297400C3762D /* AddRecipe */ = {
			isa = PBXNativeTarget;
			buildConfigurationList = CECA7A1F28C2297500C3762D /* Build configuration list for PBXNativeTarget "AddRecipe" */;
			buildPhases = (
				CECA7A0D28C2297400C3762D /* Sources */,
				CECA7A0E28C2297400C3762D /* Frameworks */,
				CECA7A0F28C2297400C3762D /* Resources */,
			);
			buildRules = (
			);
			dependencies = (
			);
			name = AddRecipe;
			productName = AddRecipe;
			productReference = CECA7A1128C2297400C3762D /* AddRecipe.app */;
			productType = "com.apple.product-type.application";
		};
/* End PBXNativeTarget section */

/* Begin PBXProject section */
		CECA7A0928C2297400C3762D /* Project object */ = {
			isa = PBXProject;
			attributes = {
				BuildIndependentTargetsInParallel = 1;
				LastSwiftUpdateCheck = 1340;
				LastUpgradeCheck = 1340;
				TargetAttributes = {
					CECA7A1028C2297400C3762D = {
						CreatedOnToolsVersion = 13.4.1;
					};
				};
			};
			buildConfigurationList = CECA7A0C28C2297400C3762D /* Build configuration list for PBXProject "AddRecipe" */;
			compatibilityVersion = "Xcode 13.0";
			developmentRegion = en;
			hasScannedForEncodings = 0;
			knownRegions = (
				en,
				Base,
			);
			mainGroup = CECA7A0828C2297400C3762D;
			productRefGroup = CECA7A1228C2297400C3762D /* Products */;
			projectDirPath = "";
			projectRoot = "";
			targets = (
				CECA7A1028C2297400C3762D /* AddRecipe */,
			);
		};
/* End PBXProject section */

/* Begin PBXResourcesBuildPhase section */
		CECA7A0F28C2297400C3762D /* Resources */ = {
			isa = PBXResourcesBuildPhase;
			buildActionMask = 2147483647;
			files = (
				CECA7A1C28C2297500C3762D /* Preview Assets.xcassets in Resources */,
				CECA7A1928C2297500C3762D /* Assets.xcassets in Resources */,
			);
			runOnlyForDeploymentPostprocessing = 0;
		};
/* End PBXResourcesBuildPhase section */

/* Begin PBXSourcesBuildPhase section */
		CECA7A0D28C2297400C3762D /* Sources */ = {
			isa = PBXSourcesBuildPhase;
			buildActionMask = 2147483647;
			files = (
				CECA7A1728C2297400C3762D /* ContentView.swift in Sources */,
				CECA7A2D28C2595600C3762D /* IngredientView-DataConfig.swift in Sources */,
				CECA7A2F28C268E100C3762D /* AddRecipeView-DataConfig.swift in Sources */,
				CECA7A1528C2297400C3762D /* AddRecipeApp.swift in Sources */,
				CECA7A2528C2306300C3762D /* Ingredient.swift in Sources */,
				CECA7A2B28C2501900C3762D /* IngredientView.swift in Sources */,
				CECA7A2728C233B000C3762D /* Recipe.swift in Sources */,
				CECA7A2928C24D7000C3762D /* AddRecipeView.swift in Sources */,
			);
			runOnlyForDeploymentPostprocessing = 0;
		};
/* End PBXSourcesBuildPhase section */

/* Begin XCBuildConfiguration section */
		CECA7A1D28C2297500C3762D /* Debug */ = {
			isa = XCBuildConfiguration;
			buildSettings = {
				ALWAYS_SEARCH_USER_PATHS = NO;
				CLANG_ANALYZER_NONNULL = YES;
				CLANG_ANALYZER_NUMBER_OBJECT_CONVERSION = YES_AGGRESSIVE;
				CLANG_CXX_LANGUAGE_STANDARD = "gnu++17";
				CLANG_ENABLE_MODULES = YES;
				CLANG_ENABLE_OBJC_ARC = YES;
				CLANG_ENABLE_OBJC_WEAK = YES;
				CLANG_WARN_BLOCK_CAPTURE_AUTORELEASING = YES;
				CLANG_WARN_BOOL_CONVERSION = YES;
				CLANG_WARN_COMMA = YES;
				CLANG_WARN_CONSTANT_CONVERSION = YES;
				CLANG_WARN_DEPRECATED_OBJC_IMPLEMENTATIONS = YES;
				CLANG_WARN_DIRECT_OBJC_ISA_USAGE = YES_ERROR;
				CLANG_WARN_DOCUMENTATION_COMMENTS = YES;
				CLANG_WARN_EMPTY_BODY = YES;
				CLANG_WARN_ENUM_CONVERSION = YES;
				CLANG_WARN_INFINITE_RECURSION = YES;
				CLANG_WARN_INT_CONVERSION = YES;
				CLANG_WARN_NON_LITERAL_NULL_CONVERSION = YES;
				CLANG_WARN_OBJC_IMPLICIT_RETAIN_SELF = YES;
				CLANG_WARN_OBJC_LITERAL_CONVERSION = YES;
				CLANG_WARN_OBJC_ROOT_CLASS = YES_ERROR;
				CLANG_WARN_QUOTED_INCLUDE_IN_FRAMEWORK_HEADER = YES;
				CLANG_WARN_RANGE_LOOP_ANALYSIS = YES;
				CLANG_WARN_STRICT_PROTOTYPES = YES;
				CLANG_WARN_SUSPICIOUS_MOVE = YES;
				CLANG_WARN_UNGUARDED_AVAILABILITY = YES_AGGRESSIVE;
				CLANG_WARN_UNREACHABLE_CODE = YES;
				CLANG_WARN__DUPLICATE_METHOD_MATCH = YES;
				COPY_PHASE_STRIP = NO;
				DEBUG_INFORMATION_FORMAT = dwarf;
				ENABLE_STRICT_OBJC_MSGSEND = YES;
				ENABLE_TESTABILITY = YES;
				GCC_C_LANGUAGE_STANDARD = gnu11;
				GCC_DYNAMIC_NO_PIC = NO;
				GCC_NO_COMMON_BLOCKS = YES;
				GCC_OPTIMIZATION_LEVEL = 0;
				GCC_PREPROCESSOR_DEFINITIONS = (
					"DEBUG=1",
					"$(inherited)",
				);
				GCC_WARN_64_TO_32_BIT_CONVERSION = YES;
				GCC_WARN_ABOUT_RETURN_TYPE = YES_ERROR;
				GCC_WARN_UNDECLARED_SELECTOR = YES;
				GCC_WARN_UNINITIALIZED_AUTOS = YES_AGGRESSIVE;
				GCC_WARN_UNUSED_FUNCTION = YES;
				GCC_WARN_UNUSED_VARIABLE = YES;
				IPHONEOS_DEPLOYMENT_TARGET = 15.5;
				MTL_ENABLE_DEBUG_INFO = INCLUDE_SOURCE;
				MTL_FAST_MATH = YES;
				ONLY_ACTIVE_ARCH = YES;
				SDKROOT = iphoneos;
				SWIFT_ACTIVE_COMPILATION_CONDITIONS = DEBUG;
				SWIFT_OPTIMIZATION_LEVEL = "-Onone";
			};
			name = Debug;
		};
		CECA7A1E28C2297500C3762D /* Release */ = {
			isa = XCBuildConfiguration;
			buildSettings = {
				ALWAYS_SEARCH_USER_PATHS = NO;
				CLANG_ANALYZER_NONNULL = YES;
				CLANG_ANALYZER_NUMBER_OBJECT_CONVERSION = YES_AGGRESSIVE;
				CLANG_CXX_LANGUAGE_STANDARD = "gnu++17";
				CLANG_ENABLE_MODULES = YES;
				CLANG_ENABLE_OBJC_ARC = YES;
				CLANG_ENABLE_OBJC_WEAK = YES;
				CLANG_WARN_BLOCK_CAPTURE_AUTORELEASING = YES;
				CLANG_WARN_BOOL_CONVERSION = YES;
				CLANG_WARN_COMMA = YES;
				CLANG_WARN_CONSTANT_CONVERSION = YES;
				CLANG_WARN_DEPRECATED_OBJC_IMPLEMENTATIONS = YES;
				CLANG_WARN_DIRECT_OBJC_ISA_USAGE = YES_ERROR;
				CLANG_WARN_DOCUMENTATION_COMMENTS = YES;
				CLANG_WARN_EMPTY_BODY = YES;
				CLANG_WARN_ENUM_CONVERSION = YES;
				CLANG_WARN_INFINITE_RECURSION = YES;
				CLANG_WARN_INT_CONVERSION = YES;
				CLANG_WARN_NON_LITERAL_NULL_CONVERSION = YES;
				CLANG_WARN_OBJC_IMPLICIT_RETAIN_SELF = YES;
				CLANG_WARN_OBJC_LITERAL_CONVERSION = YES;
				CLANG_WARN_OBJC_ROOT_CLASS = YES_ERROR;
				CLANG_WARN_QUOTED_INCLUDE_IN_FRAMEWORK_HEADER = YES;
				CLANG_WARN_RANGE_LOOP_ANALYSIS = YES;
				CLANG_WARN_STRICT_PROTOTYPES = YES;
				CLANG_WARN_SUSPICIOUS_MOVE = YES;
				CLANG_WARN_UNGUARDED_AVAILABILITY = YES_AGGRESSIVE;
				CLANG_WARN_UNREACHABLE_CODE = YES;
				CLANG_WARN__DUPLICATE_METHOD_MATCH = YES;
				COPY_PHASE_STRIP = NO;
				DEBUG_INFORMATION_FORMAT = "dwarf-with-dsym";
				ENABLE_NS_ASSERTIONS = NO;
				ENABLE_STRICT_OBJC_MSGSEND = YES;
				GCC_C_LANGUAGE_STANDARD = gnu11;
				GCC_NO_COMMON_BLOCKS = YES;
				GCC_WARN_64_TO_32_BIT_CONVERSION = YES;
				GCC_WARN_ABOUT_RETURN_TYPE = YES_ERROR;
				GCC_WARN_UNDECLARED_SELECTOR = YES;
				GCC_WARN_UNINITIALIZED_AUTOS = YES_AGGRESSIVE;
				GCC_WARN_UNUSED_FUNCTION = YES;
				GCC_WARN_UNUSED_VARIABLE = YES;
				IPHONEOS_DEPLOYMENT_TARGET = 15.5;
				MTL_ENABLE_DEBUG_INFO = NO;
				MTL_FAST_MATH = YES;
				SDKROOT = iphoneos;
				SWIFT_COMPILATION_MODE = wholemodule;
				SWIFT_OPTIMIZATION_LEVEL = "-O";
				VALIDATE_PRODUCT = YES;
			};
			name = Release;
		};
		CECA7A2028C2297500C3762D /* Debug */ = {
			isa = XCBuildConfiguration;
			buildSettings = {
				ASSETCATALOG_COMPILER_APPICON_NAME = AppIcon;
				ASSETCATALOG_COMPILER_GLOBAL_ACCENT_COLOR_NAME = AccentColor;
				CODE_SIGN_STYLE = Automatic;
				CURRENT_PROJECT_VERSION = 1;
				DEVELOPMENT_ASSET_PATHS = "\"AddRecipe/Preview Content\"";
				DEVELOPMENT_TEAM = A8K8774WJZ;
				ENABLE_PREVIEWS = YES;
				GENERATE_INFOPLIST_FILE = YES;
				INFOPLIST_KEY_UIApplicationSceneManifest_Generation = YES;
				INFOPLIST_KEY_UIApplicationSupportsIndirectInputEvents = YES;
				INFOPLIST_KEY_UILaunchScreen_Generation = YES;
				INFOPLIST_KEY_UISupportedInterfaceOrientations_iPad = "UIInterfaceOrientationPortrait UIInterfaceOrientationPortraitUpsideDown UIInterfaceOrientationLandscapeLeft UIInterfaceOrientationLandscapeRight";
				INFOPLIST_KEY_UISupportedInterfaceOrientations_iPhone = "UIInterfaceOrientationPortrait UIInterfaceOrientationLandscapeLeft UIInterfaceOrientationLandscapeRight";
				LD_RUNPATH_SEARCH_PATHS = (
					"$(inherited)",
					"@executable_path/Frameworks",
				);
				MARKETING_VERSION = 1.0;
				PRODUCT_BUNDLE_IDENTIFIER = me.islam.nowroz.AddRecipe;
				PRODUCT_NAME = "$(TARGET_NAME)";
				SWIFT_EMIT_LOC_STRINGS = YES;
				SWIFT_VERSION = 5.0;
				TARGETED_DEVICE_FAMILY = "1,2";
			};
			name = Debug;
		};
		CECA7A2128C2297500C3762D /* Release */ = {
			isa = XCBuildConfiguration;
			buildSettings = {
				ASSETCATALOG_COMPILER_APPICON_NAME = AppIcon;
				ASSETCATALOG_COMPILER_GLOBAL_ACCENT_COLOR_NAME = AccentColor;
				CODE_SIGN_STYLE = Automatic;
				CURRENT_PROJECT_VERSION = 1;
				DEVELOPMENT_ASSET_PATHS = "\"AddRecipe/Preview Content\"";
				DEVELOPMENT_TEAM = A8K8774WJZ;
				ENABLE_PREVIEWS = YES;
				GENERATE_INFOPLIST_FILE = YES;
				INFOPLIST_KEY_UIApplicationSceneManifest_Generation = YES;
				INFOPLIST_KEY_UIApplicationSupportsIndirectInputEvents = YES;
				INFOPLIST_KEY_UILaunchScreen_Generation = YES;
				INFOPLIST_KEY_UISupportedInterfaceOrientations_iPad = "UIInterfaceOrientationPortrait UIInterfaceOrientationPortraitUpsideDown UIInterfaceOrientationLandscapeLeft UIInterfaceOrientationLandscapeRight";
				INFOPLIST_KEY_UISupportedInterfaceOrientations_iPhone = "UIInterfaceOrientationPortrait UIInterfaceOrientationLandscapeLeft UIInterfaceOrientationLandscapeRight";
				LD_RUNPATH_SEARCH_PATHS = (
					"$(inherited)",
					"@executable_path/Frameworks",
				);
				MARKETING_VERSION = 1.0;
				PRODUCT_BUNDLE_IDENTIFIER = me.islam.nowroz.AddRecipe;
				PRODUCT_NAME = "$(TARGET_NAME)";
				SWIFT_EMIT_LOC_STRINGS = YES;
				SWIFT_VERSION = 5.0;
				TARGETED_DEVICE_FAMILY = "1,2";
			};
			name = Release;
		};
/* End XCBuildConfiguration section */

/* Begin XCConfigurationList section */
		CECA7A0C28C2297400C3762D /* Build configuration list for PBXProject "AddRecipe" */ = {
			isa = XCConfigurationList;
			buildConfigurations = (
				CECA7A1D28C2297500C3762D /* Debug */,
				CECA7A1E28C2297500C3762D /* Release */,
			);
			defaultConfigurationIsVisible = 0;
			defaultConfigurationName = Release;
		};
		CECA7A1F28C2297500C3762D /* Build configuration list for PBXNativeTarget "AddRecipe" */ = {
			isa = XCConfigurationList;
			buildConfigurations = (
				CECA7A2028C2297500C3762D /* Debug */,
				CECA7A2128C2297500C3762D /* Release */,
			);
			defaultConfigurationIsVisible = 0;
			defaultConfigurationName = Release;
		};
/* End XCConfigurationList section */
	};
	rootObject = CECA7A0928C2297400C3762D /* Project object */;
}
